
Microsoft Visual Studio Solution File, Format Version 12.00
# Visual Studio Version 17
VisualStudioVersion = 17.4.33122.133
MinimumVisualStudioVersion = 10.0.40219.1
Project("{FAE04EC0-301F-11D3-BF4B-00C04F79EFBC}") = "csharp_pingpong", "csharp_pingpong.csproj", "{776D55AA-7F48-4668-A4D9-7921593C443E}"
EndProject
Global
	GlobalSection(SolutionConfigurationPlatforms) = preSolution
		Debug|Any CPU = Debug|Any CPU
		Release|Any CPU = Release|Any CPU
	EndGlobalSection
	GlobalSection(ProjectConfigurationPlatforms) = postSolution
		{776D55AA-7F48-4668-A4D9-7921593C443E}.Debug|Any CPU.ActiveCfg = Debug|Any CPU
		{776D55AA-7F48-4668-A4D9-7921593C443E}.Debug|Any CPU.Build.0 = Debug|Any CPU
		{776D55AA-7F48-4668-A4D9-7921593C443E}.Release|Any CPU.ActiveCfg = Release|Any CPU
		{776D55AA-7F48-4668-A4D9-7921593C443E}.Release|Any CPU.Build.0 = Release|Any CPU
	EndGlobalSection
	GlobalSection(SolutionProperties) = preSolution
		HideSolutionNode = FALSE
	EndGlobalSection
	GlobalSection(ExtensibilityGlobals) = postSolution
		SolutionGuid = {E45E9D7A-80BD-4DCB-9107-7831EB186EBD}
	EndGlobalSection
EndGlobal
